
Microsoft Visual Studio Solution File, Format Version 12.00
# Visual Studio Version 17
VisualStudioVersion = 17.0.32126.317
MinimumVisualStudioVersion = 10.0.40219.1
Project("{FAE04EC0-301F-11D3-BF4B-00C04F79EFBC}") = "TrackMe", "TrackMe.csproj", "{D188F624-7C28-4267-A53A-8917D01C43FA}"
EndProject
Global
	GlobalSection(SolutionConfigurationPlatforms) = preSolution
		Debug|Any CPU = Debug|Any CPU
		Release|Any CPU = Release|Any CPU
	EndGlobalSection
	GlobalSection(ProjectConfigurationPlatforms) = postSolution
		{D188F624-7C28-4267-A53A-8917D01C43FA}.Debug|Any CPU.ActiveCfg = Debug|Any CPU
		{D188F624-7C28-4267-A53A-8917D01C43FA}.Debug|Any CPU.Build.0 = Debug|Any CPU
		{D188F624-7C28-4267-A53A-8917D01C43FA}.Release|Any CPU.ActiveCfg = Release|Any CPU
		{D188F624-7C28-4267-A53A-8917D01C43FA}.Release|Any CPU.Build.0 = Release|Any CPU
	EndGlobalSection
	GlobalSection(SolutionProperties) = preSolution
		HideSolutionNode = FALSE
	EndGlobalSection
	GlobalSection(ExtensibilityGlobals) = postSolution
		SolutionGuid = {D72EA80D-01E9-4B9B-B60F-CC258C6E7BD2}
	EndGlobalSection
EndGlobal
